
Microsoft Visual Studio Solution File, Format Version 12.00
# Visual Studio Version 17
VisualStudioVersion = 17.3.32929.385
MinimumVisualStudioVersion = 10.0.40219.1
Project("{FAE04EC0-301F-11D3-BF4B-00C04F79EFBC}") = "TraceabilityAPI", "TraceabilityAPI\TraceabilityAPI.csproj", "{3280BD46-3BCB-4EEC-A925-FECA6BE8EDB2}"
EndProject
Global
	GlobalSection(SolutionConfigurationPlatforms) = preSolution
		Debug|Any CPU = Debug|Any CPU
		Release|Any CPU = Release|Any CPU
	EndGlobalSection
	GlobalSection(ProjectConfigurationPlatforms) = postSolution
		{3280BD46-3BCB-4EEC-A925-FECA6BE8EDB2}.Debug|Any CPU.ActiveCfg = Debug|Any CPU
		{3280BD46-3BCB-4EEC-A925-FECA6BE8EDB2}.Debug|Any CPU.Build.0 = Debug|Any CPU
		{3280BD46-3BCB-4EEC-A925-FECA6BE8EDB2}.Release|Any CPU.ActiveCfg = Release|Any CPU
		{3280BD46-3BCB-4EEC-A925-FECA6BE8EDB2}.Release|Any CPU.Build.0 = Release|Any CPU
	EndGlobalSection
	GlobalSection(SolutionProperties) = preSolution
		HideSolutionNode = FALSE
	EndGlobalSection
	GlobalSection(ExtensibilityGlobals) = postSolution
		SolutionGuid = {4AAC2ABC-E965-4318-878C-FEBB283FE105}
	EndGlobalSection
EndGlobal
